
Microsoft Visual Studio Solution File, Format Version 12.00
# Visual Studio Version 17
VisualStudioVersion = 17.0.31903.59
MinimumVisualStudioVersion = 10.0.40219.1
Project("{2150E333-8FDC-42A3-9474-1A3956D46DE8}") = "src", "src", "{4D07FE8D-EBDB-48DC-9481-28E3620FB19F}"
EndProject
Project("{FAE04EC0-301F-11D3-BF4B-00C04F79EFBC}") = "HIS.Domain", "src\HIS.Domain\HIS.Domain.csproj", "{6805A89C-3BE3-4B17-B83C-F54157B70414}"
EndProject
Project("{FAE04EC0-301F-11D3-BF4B-00C04F79EFBC}") = "HIS.Shared", "src\HIS.Shared\HIS.Shared.csproj", "{6855DACF-5FAD-43D7-90AD-A5BB79F023C1}"
EndProject
Project("{FAE04EC0-301F-11D3-BF4B-00C04F79EFBC}") = "HIS.Application", "src\HIS.Application\HIS.Application.csproj", "{4FD8D2DA-1CF1-4A89-B578-5862CB8C7BFB}"
EndProject
Project("{FAE04EC0-301F-11D3-BF4B-00C04F79EFBC}") = "HIS.Infrastructure", "src\HIS.Infrastructure\HIS.Infrastructure.csproj", "{74B6F411-69EC-4795-9ACA-DB5A7B36B9B1}"
EndProject
Project("{FAE04EC0-301F-11D3-BF4B-00C04F79EFBC}") = "HIS.Api", "src\HIS.Api\HIS.Api.csproj", "{235FD0E9-F160-47E3-A12E-61A22B8D0B81}"
EndProject
Project("{FAE04EC0-301F-11D3-BF4B-00C04F79EFBC}") = "HIS.Web", "src\HIS.Web\HIS.Web.csproj", "{11004218-C50B-469E-9ACD-87791049A1DB}"
EndProject
Global
	GlobalSection(SolutionConfigurationPlatforms) = preSolution
		Debug|Any CPU = Debug|Any CPU
		Release|Any CPU = Release|Any CPU
	EndGlobalSection
	GlobalSection(SolutionProperties) = preSolution
		HideSolutionNode = FALSE
	EndGlobalSection
	GlobalSection(ProjectConfigurationPlatforms) = postSolution
		{6805A89C-3BE3-4B17-B83C-F54157B70414}.Debug|Any CPU.ActiveCfg = Debug|Any CPU
		{6805A89C-3BE3-4B17-B83C-F54157B70414}.Debug|Any CPU.Build.0 = Debug|Any CPU
		{6805A89C-3BE3-4B17-B83C-F54157B70414}.Release|Any CPU.ActiveCfg = Release|Any CPU
		{6805A89C-3BE3-4B17-B83C-F54157B70414}.Release|Any CPU.Build.0 = Release|Any CPU
		{6855DACF-5FAD-43D7-90AD-A5BB79F023C1}.Debug|Any CPU.ActiveCfg = Debug|Any CPU
		{6855DACF-5FAD-43D7-90AD-A5BB79F023C1}.Debug|Any CPU.Build.0 = Debug|Any CPU
		{6855DACF-5FAD-43D7-90AD-A5BB79F023C1}.Release|Any CPU.ActiveCfg = Release|Any CPU
		{6855DACF-5FAD-43D7-90AD-A5BB79F023C1}.Release|Any CPU.Build.0 = Release|Any CPU
		{4FD8D2DA-1CF1-4A89-B578-5862CB8C7BFB}.Debug|Any CPU.ActiveCfg = Debug|Any CPU
		{4FD8D2DA-1CF1-4A89-B578-5862CB8C7BFB}.Debug|Any CPU.Build.0 = Debug|Any CPU
		{4FD8D2DA-1CF1-4A89-B578-5862CB8C7BFB}.Release|Any CPU.ActiveCfg = Release|Any CPU
		{4FD8D2DA-1CF1-4A89-B578-5862CB8C7BFB}.Release|Any CPU.Build.0 = Release|Any CPU
		{74B6F411-69EC-4795-9ACA-DB5A7B36B9B1}.Debug|Any CPU.ActiveCfg = Debug|Any CPU
		{74B6F411-69EC-4795-9ACA-DB5A7B36B9B1}.Debug|Any CPU.Build.0 = Debug|Any CPU
		{74B6F411-69EC-4795-9ACA-DB5A7B36B9B1}.Release|Any CPU.ActiveCfg = Release|Any CPU
		{74B6F411-69EC-4795-9ACA-DB5A7B36B9B1}.Release|Any CPU.Build.0 = Release|Any CPU
		{235FD0E9-F160-47E3-A12E-61A22B8D0B81}.Debug|Any CPU.ActiveCfg = Debug|Any CPU
		{235FD0E9-F160-47E3-A12E-61A22B8D0B81}.Debug|Any CPU.Build.0 = Debug|Any CPU
		{235FD0E9-F160-47E3-A12E-61A22B8D0B81}.Release|Any CPU.ActiveCfg = Release|Any CPU
		{235FD0E9-F160-47E3-A12E-61A22B8D0B81}.Release|Any CPU.Build.0 = Release|Any CPU
		{11004218-C50B-469E-9ACD-87791049A1DB}.Debug|Any CPU.ActiveCfg = Debug|Any CPU
		{11004218-C50B-469E-9ACD-87791049A1DB}.Debug|Any CPU.Build.0 = Debug|Any CPU
		{11004218-C50B-469E-9ACD-87791049A1DB}.Release|Any CPU.ActiveCfg = Release|Any CPU
		{11004218-C50B-469E-9ACD-87791049A1DB}.Release|Any CPU.Build.0 = Release|Any CPU
	EndGlobalSection
	GlobalSection(NestedProjects) = preSolution
		{6805A89C-3BE3-4B17-B83C-F54157B70414} = {4D07FE8D-EBDB-48DC-9481-28E3620FB19F}
		{6855DACF-5FAD-43D7-90AD-A5BB79F023C1} = {4D07FE8D-EBDB-48DC-9481-28E3620FB19F}
		{4FD8D2DA-1CF1-4A89-B578-5862CB8C7BFB} = {4D07FE8D-EBDB-48DC-9481-28E3620FB19F}
		{74B6F411-69EC-4795-9ACA-DB5A7B36B9B1} = {4D07FE8D-EBDB-48DC-9481-28E3620FB19F}
		{235FD0E9-F160-47E3-A12E-61A22B8D0B81} = {4D07FE8D-EBDB-48DC-9481-28E3620FB19F}
		{11004218-C50B-469E-9ACD-87791049A1DB} = {4D07FE8D-EBDB-48DC-9481-28E3620FB19F}
	EndGlobalSection
EndGlobal
